{
  "name": "xiandan3",
  "lockfileVersion": 2,
  "requires": true,
  "packages": {
    "": {
      "dependencies": {
        "@vant/weapp": "^1.10.3",
        "apifm-wxapi": "^3.54.2"
      },
      "devDependencies": {
        "miniprogram-api-typings": "^3.4.6"
      }
    },
    "node_modules/@vant/weapp": {
      "version": "1.10.3",
      "resolved": "https://registry.npmjs.org/@vant/weapp/-/weapp-1.10.3.tgz",
      "integrity": "sha512-CcG5umI+zlJRN6hQXPeknOenPkVm6WBEgBaB6Y94kOmKLx9NHtHBdURwxuJEA4q4mxhUdOuf6sV7I8tZBnCVxw=="
    },
    "node_modules/apifm-wxapi": {
      "version": "3.54.2",
      "resolved": "https://registry.npmjs.org/apifm-wxapi/-/apifm-wxapi-3.54.2.tgz",
      "integrity": "sha512-P188yWGs21mN1bt/eAQtkXrJvBKhAICaYvLmHFx/T3yTY+MzaqSCySxY7U9WzzBTr+UMdOqStMCBPtPBl5fNBg=="
    },
    "node_modules/miniprogram-api-typings": {
      "version": "3.4.6",
      "resolved": "https://registry.npmjs.org/miniprogram-api-typings/-/miniprogram-api-typings-3.4.6.tgz",
      "integrity": "sha512-1/aAma9wWzu9KS8m/h4j43UHoKS+XO61kaUDdftnlgwEyBndr0jrPJf/gUzdZQOST0pkLWmF0IMotz+j/Nh5SQ==",
      "dev": true
    }
  },
  "dependencies": {
    "@vant/weapp": {
      "version": "1.10.3",
      "resolved": "https://registry.npmjs.org/@vant/weapp/-/weapp-1.10.3.tgz",
      "integrity": "sha512-CcG5umI+zlJRN6hQXPeknOenPkVm6WBEgBaB6Y94kOmKLx9NHtHBdURwxuJEA4q4mxhUdOuf6sV7I8tZBnCVxw=="
    },
    "apifm-wxapi": {
      "version": "3.54.2",
      "resolved": "https://registry.npmjs.org/apifm-wxapi/-/apifm-wxapi-3.54.2.tgz",
      "integrity": "sha512-P188yWGs21mN1bt/eAQtkXrJvBKhAICaYvLmHFx/T3yTY+MzaqSCySxY7U9WzzBTr+UMdOqStMCBPtPBl5fNBg=="
    },
    "miniprogram-api-typings": {
      "version": "3.4.6",
      "resolved": "https://registry.npmjs.org/miniprogram-api-typings/-/miniprogram-api-typings-3.4.6.tgz",
      "integrity": "sha512-1/aAma9wWzu9KS8m/h4j43UHoKS+XO61kaUDdftnlgwEyBndr0jrPJf/gUzdZQOST0pkLWmF0IMotz+j/Nh5SQ==",
      "dev": true
    }
  }
}
